# almide.lock — auto-generated, do not edit

gramide = { git = "https://github.com/O6lvl4/gramide", ref = "v0.2.7", commit = "4decf4c8d194ccf6f1c534e5a4c8c7fd3e789263" }
gramide_almide = { git = "https://github.com/O6lvl4/gramide-almide", ref = "v0.1.10", commit = "2e562c0d8bf7325b8862b4e5ef42c02b1a41f6dd" }
gramide_go = { git = "https://github.com/O6lvl4/gramide-go", ref = "v0.1.10", commit = "91e9f8dc1bbd93e50d3c55af961c15378a1bcabb" }
gramide_rust = { git = "https://github.com/O6lvl4/gramide-rust", ref = "v0.1.11", commit = "94e94c9545555cc6fbc06626868bc3c82339a525" }
gramide_python = { git = "https://github.com/O6lvl4/gramide-python", ref = "v0.1.9", commit = "9c2c3ea120ac1e1155e75f96221c41804d2cd6d3" }
gramide_javascript = { git = "https://github.com/O6lvl4/gramide-javascript", ref = "v0.3.8", commit = "fb46fd163b923bf4b818cc02a627f8bd9d18cbc0" }
gramide_typescript = { git = "https://github.com/O6lvl4/gramide-typescript", ref = "v0.3.8", commit = "74e7b89ac2c0f558deb5aeee873708c2c7ee300a" }
